
Microsoft Visual Studio Solution File, Format Version 12.00
# Visual Studio Version 17
VisualStudioVersion = 17.7.34018.315
MinimumVisualStudioVersion = 10.0.40219.1
Project("{FAE04EC0-301F-11D3-BF4B-00C04F79EFBC}") = "test_sefer", "test_sefer\test_sefer.csproj", "{234F8C53-CC93-43F4-B249-E12E7C04EA3A}"
EndProject
Global
	GlobalSection(SolutionConfigurationPlatforms) = preSolution
		Debug|Any CPU = Debug|Any CPU
		Release|Any CPU = Release|Any CPU
	EndGlobalSection
	GlobalSection(ProjectConfigurationPlatforms) = postSolution
		{234F8C53-CC93-43F4-B249-E12E7C04EA3A}.Debug|Any CPU.ActiveCfg = Debug|Any CPU
		{234F8C53-CC93-43F4-B249-E12E7C04EA3A}.Debug|Any CPU.Build.0 = Debug|Any CPU
		{234F8C53-CC93-43F4-B249-E12E7C04EA3A}.Release|Any CPU.ActiveCfg = Release|Any CPU
		{234F8C53-CC93-43F4-B249-E12E7C04EA3A}.Release|Any CPU.Build.0 = Release|Any CPU
	EndGlobalSection
	GlobalSection(SolutionProperties) = preSolution
		HideSolutionNode = FALSE
	EndGlobalSection
	GlobalSection(ExtensibilityGlobals) = postSolution
		SolutionGuid = {0750558C-3AE3-415F-84EA-523D1DFD87D4}
	EndGlobalSection
EndGlobal
